
Microsoft Visual Studio Solution File, Format Version 12.00
Project("{FAE04EC0-301F-11D3-BF4B-00C04F79EFBC}") = "Tests", "Tests\Tests.csproj", "{8AF0A10D-72C0-4450-8C14-8422A3B1CDCB}"
EndProject
Global
	GlobalSection(SolutionConfigurationPlatforms) = preSolution
		Debug|Any CPU = Debug|Any CPU
		Release|Any CPU = Release|Any CPU
	EndGlobalSection
	GlobalSection(ProjectConfigurationPlatforms) = postSolution
		{8AF0A10D-72C0-4450-8C14-8422A3B1CDCB}.Debug|Any CPU.ActiveCfg = Debug|Any CPU
		{8AF0A10D-72C0-4450-8C14-8422A3B1CDCB}.Debug|Any CPU.Build.0 = Debug|Any CPU
		{8AF0A10D-72C0-4450-8C14-8422A3B1CDCB}.Release|Any CPU.ActiveCfg = Release|Any CPU
		{8AF0A10D-72C0-4450-8C14-8422A3B1CDCB}.Release|Any CPU.Build.0 = Release|Any CPU
	EndGlobalSection
EndGlobal
